
Microsoft Visual Studio Solution File, Format Version 11.00
# Visual Studio 2010
Project("{FAE04EC0-301F-11D3-BF4B-00C04F79EFBC}") = "Assembly-CSharp", "Assembly-CSharp.csproj", "{4A68DA10-8462-F51E-91D7-6EF5A3CB6A25}"
EndProject
Project("{FAE04EC0-301F-11D3-BF4B-00C04F79EFBC}") = "Assembly-CSharp-Editor", "Assembly-CSharp-Editor.csproj", "{0C48A6E0-8365-3B38-9CBE-D32B7EBA2FB7}"
EndProject
Global
	GlobalSection(SolutionConfigurationPlatforms) = preSolution
		Debug|Any CPU = Debug|Any CPU
		Release|Any CPU = Release|Any CPU
	EndGlobalSection
	GlobalSection(ProjectConfigurationPlatforms) = postSolution
		{4A68DA10-8462-F51E-91D7-6EF5A3CB6A25}.Debug|Any CPU.ActiveCfg = Debug|Any CPU
		{4A68DA10-8462-F51E-91D7-6EF5A3CB6A25}.Debug|Any CPU.Build.0 = Debug|Any CPU
		{4A68DA10-8462-F51E-91D7-6EF5A3CB6A25}.Release|Any CPU.ActiveCfg = Release|Any CPU
		{4A68DA10-8462-F51E-91D7-6EF5A3CB6A25}.Release|Any CPU.Build.0 = Release|Any CPU
		{0C48A6E0-8365-3B38-9CBE-D32B7EBA2FB7}.Debug|Any CPU.ActiveCfg = Debug|Any CPU
		{0C48A6E0-8365-3B38-9CBE-D32B7EBA2FB7}.Debug|Any CPU.Build.0 = Debug|Any CPU
		{0C48A6E0-8365-3B38-9CBE-D32B7EBA2FB7}.Release|Any CPU.ActiveCfg = Release|Any CPU
		{0C48A6E0-8365-3B38-9CBE-D32B7EBA2FB7}.Release|Any CPU.Build.0 = Release|Any CPU
	EndGlobalSection
	GlobalSection(SolutionProperties) = preSolution
		HideSolutionNode = FALSE
	EndGlobalSection
EndGlobal
